
Microsoft Visual Studio Solution File, Format Version 12.00
# Visual Studio Version 16
VisualStudioVersion = 16.0.33328.57
MinimumVisualStudioVersion = 10.0.40219.1
Project("{FAE04EC0-301F-11D3-BF4B-00C04F79EFBC}") = "Pokeball", "Pokeball.csproj", "{1395AE41-3AC7-4CF9-9E53-B9DCD8E87EE1}"
EndProject
Global
	GlobalSection(SolutionConfigurationPlatforms) = preSolution
		Debug|Any CPU = Debug|Any CPU
		Release|Any CPU = Release|Any CPU
	EndGlobalSection
	GlobalSection(ProjectConfigurationPlatforms) = postSolution
		{1395AE41-3AC7-4CF9-9E53-B9DCD8E87EE1}.Debug|Any CPU.ActiveCfg = Debug|Any CPU
		{1395AE41-3AC7-4CF9-9E53-B9DCD8E87EE1}.Debug|Any CPU.Build.0 = Debug|Any CPU
		{1395AE41-3AC7-4CF9-9E53-B9DCD8E87EE1}.Release|Any CPU.ActiveCfg = Release|Any CPU
		{1395AE41-3AC7-4CF9-9E53-B9DCD8E87EE1}.Release|Any CPU.Build.0 = Release|Any CPU
	EndGlobalSection
	GlobalSection(SolutionProperties) = preSolution
		HideSolutionNode = FALSE
	EndGlobalSection
	GlobalSection(ExtensibilityGlobals) = postSolution
		SolutionGuid = {7155F728-B553-4C3F-ADC8-041EEFFF531F}
	EndGlobalSection
EndGlobal
